
Microsoft Visual Studio Solution File, Format Version 12.00
Project("{FAE04EC0-301F-11D3-BF4B-00C04F79EFBC}") = "Sabre", "Sabre\Sabre.csproj", "{61D7D080-835A-43D9-850E-D48F10548BA1}"
EndProject
Project("{FAE04EC0-301F-11D3-BF4B-00C04F79EFBC}") = "SabreVGA", "SabreVGA\SabreVGA.csproj", "{6C96C7CE-0E40-4D4B-AA34-4B94B537F747}"
EndProject
Global
	GlobalSection(SolutionConfigurationPlatforms) = preSolution
		Debug|Any CPU = Debug|Any CPU
		Release|Any CPU = Release|Any CPU
	EndGlobalSection
	GlobalSection(ProjectConfigurationPlatforms) = postSolution
		{61D7D080-835A-43D9-850E-D48F10548BA1}.Debug|Any CPU.ActiveCfg = Debug|Any CPU
		{61D7D080-835A-43D9-850E-D48F10548BA1}.Debug|Any CPU.Build.0 = Debug|Any CPU
		{61D7D080-835A-43D9-850E-D48F10548BA1}.Release|Any CPU.ActiveCfg = Release|Any CPU
		{61D7D080-835A-43D9-850E-D48F10548BA1}.Release|Any CPU.Build.0 = Release|Any CPU
		{6C96C7CE-0E40-4D4B-AA34-4B94B537F747}.Debug|Any CPU.ActiveCfg = Debug|Any CPU
		{6C96C7CE-0E40-4D4B-AA34-4B94B537F747}.Debug|Any CPU.Build.0 = Debug|Any CPU
		{6C96C7CE-0E40-4D4B-AA34-4B94B537F747}.Release|Any CPU.ActiveCfg = Release|Any CPU
		{6C96C7CE-0E40-4D4B-AA34-4B94B537F747}.Release|Any CPU.Build.0 = Release|Any CPU
	EndGlobalSection
EndGlobal
